
Microsoft Visual Studio Solution File, Format Version 12.00
# Visual Studio Version 16
VisualStudioVersion = 16.0.31129.286
MinimumVisualStudioVersion = 10.0.40219.1
Project("{9A19103F-16F7-4668-BE54-9A1E7A4F7556}") = "CoreProjetCamp", "CoreProjeCamp\CoreProjetCamp.csproj", "{8FA3E1FD-0AE2-4690-82FF-D3C5C0ABB7EF}"
EndProject
Project("{9A19103F-16F7-4668-BE54-9A1E7A4F7556}") = "Core", "Core\Core.csproj", "{C3E2AFD1-B0E6-4DCB-9FEC-395ABFC0C141}"
EndProject
Project("{9A19103F-16F7-4668-BE54-9A1E7A4F7556}") = "Entity", "Entity\Entity.csproj", "{0B2BB3C3-987D-45F8-B8BC-8144EFBBA058}"
EndProject
Project("{9A19103F-16F7-4668-BE54-9A1E7A4F7556}") = "Business", "Business\Business.csproj", "{F73D1F89-2A6F-411F-92F3-26292999D62E}"
EndProject
Project("{9A19103F-16F7-4668-BE54-9A1E7A4F7556}") = "DataAccess", "DataAccess\DataAccess.csproj", "{1B4DDA1F-8320-4B3F-859E-B213B0C8172B}"
EndProject
Global
	GlobalSection(SolutionConfigurationPlatforms) = preSolution
		Debug|Any CPU = Debug|Any CPU
		Release|Any CPU = Release|Any CPU
	EndGlobalSection
	GlobalSection(ProjectConfigurationPlatforms) = postSolution
		{8FA3E1FD-0AE2-4690-82FF-D3C5C0ABB7EF}.Debug|Any CPU.ActiveCfg = Debug|Any CPU
		{8FA3E1FD-0AE2-4690-82FF-D3C5C0ABB7EF}.Debug|Any CPU.Build.0 = Debug|Any CPU
		{8FA3E1FD-0AE2-4690-82FF-D3C5C0ABB7EF}.Release|Any CPU.ActiveCfg = Release|Any CPU
		{8FA3E1FD-0AE2-4690-82FF-D3C5C0ABB7EF}.Release|Any CPU.Build.0 = Release|Any CPU
		{C3E2AFD1-B0E6-4DCB-9FEC-395ABFC0C141}.Debug|Any CPU.ActiveCfg = Debug|Any CPU
		{C3E2AFD1-B0E6-4DCB-9FEC-395ABFC0C141}.Debug|Any CPU.Build.0 = Debug|Any CPU
		{C3E2AFD1-B0E6-4DCB-9FEC-395ABFC0C141}.Release|Any CPU.ActiveCfg = Release|Any CPU
		{C3E2AFD1-B0E6-4DCB-9FEC-395ABFC0C141}.Release|Any CPU.Build.0 = Release|Any CPU
		{0B2BB3C3-987D-45F8-B8BC-8144EFBBA058}.Debug|Any CPU.ActiveCfg = Debug|Any CPU
		{0B2BB3C3-987D-45F8-B8BC-8144EFBBA058}.Debug|Any CPU.Build.0 = Debug|Any CPU
		{0B2BB3C3-987D-45F8-B8BC-8144EFBBA058}.Release|Any CPU.ActiveCfg = Release|Any CPU
		{0B2BB3C3-987D-45F8-B8BC-8144EFBBA058}.Release|Any CPU.Build.0 = Release|Any CPU
		{F73D1F89-2A6F-411F-92F3-26292999D62E}.Debug|Any CPU.ActiveCfg = Debug|Any CPU
		{F73D1F89-2A6F-411F-92F3-26292999D62E}.Debug|Any CPU.Build.0 = Debug|Any CPU
		{F73D1F89-2A6F-411F-92F3-26292999D62E}.Release|Any CPU.ActiveCfg = Release|Any CPU
		{F73D1F89-2A6F-411F-92F3-26292999D62E}.Release|Any CPU.Build.0 = Release|Any CPU
		{1B4DDA1F-8320-4B3F-859E-B213B0C8172B}.Debug|Any CPU.ActiveCfg = Debug|Any CPU
		{1B4DDA1F-8320-4B3F-859E-B213B0C8172B}.Debug|Any CPU.Build.0 = Debug|Any CPU
		{1B4DDA1F-8320-4B3F-859E-B213B0C8172B}.Release|Any CPU.ActiveCfg = Release|Any CPU
		{1B4DDA1F-8320-4B3F-859E-B213B0C8172B}.Release|Any CPU.Build.0 = Release|Any CPU
	EndGlobalSection
	GlobalSection(SolutionProperties) = preSolution
		HideSolutionNode = FALSE
	EndGlobalSection
	GlobalSection(ExtensibilityGlobals) = postSolution
		SolutionGuid = {73322BCF-129A-40AB-94CB-73E9F9D71025}
	EndGlobalSection
EndGlobal
